// !$*UTF8*$!
{
	archiveVersion = 1;
	classes = {
	};
	objectVersion = 56;
	objects = {

/* Begin PBXBuildFile section */
		BC90A1FD2A7FE26B00D9ED35 /* AppDelegate.swift in Sources */ = {isa = PBXBuildFile; fileRef = BC90A1FC2A7FE26B00D9ED35 /* AppDelegate.swift */; };
		BC90A1FF2A7FE26B00D9ED35 /* SceneDelegate.swift in Sources */ = {isa = PBXBuildFile; fileRef = BC90A1FE2A7FE26B00D9ED35 /* SceneDelegate.swift */; };
		BC90A2012A7FE26B00D9ED35 /* ViewController.swift in Sources */ = {isa = PBXBuildFile; fileRef = BC90A2002A7FE26B00D9ED35 /* ViewController.swift */; };
		BC90A2042A7FE26B00D9ED35 /* Main.storyboard in Resources */ = {isa = PBXBuildFile; fileRef = BC90A2022A7FE26B00D9ED35 /* Main.storyboard */; };
		BC90A2062A7FE26D00D9ED35 /* Assets.xcassets in Resources */ = {isa = PBXBuildFile; fileRef = BC90A2052A7FE26D00D9ED35 /* Assets.xcassets */; };
		BC90A2092A7FE26D00D9ED35 /* LaunchScreen.storyboard in Resources */ = {isa = PBXBuildFile; fileRef = BC90A2072A7FE26D00D9ED35 /* LaunchScreen.storyboard */; };
		BC90A2172A7FE2C700D9ED35 /* SoundBarTests.swift in Sources */ = {isa = PBXBuildFile; fileRef = BC90A2162A7FE2C700D9ED35 /* SoundBarTests.swift */; };
		BC90A21E2A7FF30F00D9ED35 /* SoundBar.swift in Sources */ = {isa = PBXBuildFile; fileRef = BC90A21D2A7FF30F00D9ED35 /* SoundBar.swift */; };
		BCC7D20E2A80CE86001DFF17 /* UserService.swift in Sources */ = {isa = PBXBuildFile; fileRef = BCC7D20D2A80CE86001DFF17 /* UserService.swift */; };
		BCC7D2112A80CF8B001DFF17 /* UserServiceMock.swift in Sources */ = {isa = PBXBuildFile; fileRef = BCC7D20F2A80CF88001DFF17 /* UserServiceMock.swift */; };
/* End PBXBuildFile section */

/* Begin PBXContainerItemProxy section */
		BC90A2182A7FE2C700D9ED35 /* PBXContainerItemProxy */ = {
			isa = PBXContainerItemProxy;
			containerPortal = BC90A1F12A7FE26B00D9ED35 /* Project object */;
			proxyType = 1;
			remoteGlobalIDString = BC90A1F82A7FE26B00D9ED35;
			remoteInfo = TestExample;
		};
/* End PBXContainerItemProxy section */

/* Begin PBXFileReference section */
		BC90A1F92A7FE26B00D9ED35 /* TestExample.app */ = {isa = PBXFileReference; explicitFileType = wrapper.application; includeInIndex = 0; path = TestExample.app; sourceTree = BUILT_PRODUCTS_DIR; };
		BC90A1FC2A7FE26B00D9ED35 /* AppDelegate.swift */ = {isa = PBXFileReference; lastKnownFileType = sourcecode.swift; path = AppDelegate.swift; sourceTree = "<group>"; };
		BC90A1FE2A7FE26B00D9ED35 /* SceneDelegate.swift */ = {isa = PBXFileReference; lastKnownFileType = sourcecode.swift; path = SceneDelegate.swift; sourceTree = "<group>"; };
		BC90A2002A7FE26B00D9ED35 /* ViewController.swift */ = {isa = PBXFileReference; lastKnownFileType = sourcecode.swift; path = ViewController.swift; sourceTree = "<group>"; };
		BC90A2032A7FE26B00D9ED35 /* Base */ = {isa = PBXFileReference; lastKnownFileType = file.storyboard; name = Base; path = Base.lproj/Main.storyboard; sourceTree = "<group>"; };
		BC90A2052A7FE26D00D9ED35 /* Assets.xcassets */ = {isa = PBXFileReference; lastKnownFileType = folder.assetcatalog; path = Assets.xcassets; sourceTree = "<group>"; };
		BC90A2082A7FE26D00D9ED35 /* Base */ = {isa = PBXFileReference; lastKnownFileType = file.storyboard; name = Base; path = Base.lproj/LaunchScreen.storyboard; sourceTree = "<group>"; };
		BC90A20A2A7FE26D00D9ED35 /* Info.plist */ = {isa = PBXFileReference; lastKnownFileType = text.plist.xml; path = Info.plist; sourceTree = "<group>"; };
		BC90A2142A7FE2C700D9ED35 /* TestExampleTests.xctest */ = {isa = PBXFileReference; explicitFileType = wrapper.cfbundle; includeInIndex = 0; path = TestExampleTests.xctest; sourceTree = BUILT_PRODUCTS_DIR; };
		BC90A2162A7FE2C700D9ED35 /* SoundBarTests.swift */ = {isa = PBXFileReference; lastKnownFileType = sourcecode.swift; path = SoundBarTests.swift; sourceTree = "<group>"; };
		BC90A21D2A7FF30F00D9ED35 /* SoundBar.swift */ = {isa = PBXFileReference; lastKnownFileType = sourcecode.swift; path = SoundBar.swift; sourceTree = "<group>"; };
		BCC7D20D2A80CE86001DFF17 /* UserService.swift */ = {isa = PBXFileReference; lastKnownFileType = sourcecode.swift; path = UserService.swift; sourceTree = "<group>"; };
		BCC7D20F2A80CF88001DFF17 /* UserServiceMock.swift */ = {isa = PBXFileReference; lastKnownFileType = sourcecode.swift; path = UserServiceMock.swift; sourceTree = "<group>"; };
/* End PBXFileReference section */

/* Begin PBXFrameworksBuildPhase section */
		BC90A1F62A7FE26B00D9ED35 /* Frameworks */ = {
			isa = PBXFrameworksBuildPhase;
			buildActionMask = 2147483647;
			files = (
			);
			runOnlyForDeploymentPostprocessing = 0;
		};
		BC90A2112A7FE2C700D9ED35 /* Frameworks */ = {
			isa = PBXFrameworksBuildPhase;
			buildActionMask = 2147483647;
			files = (
			);
			runOnlyForDeploymentPostprocessing = 0;
		};
/* End PBXFrameworksBuildPhase section */

/* Begin PBXGroup section */
		BC90A1F02A7FE26B00D9ED35 = {
			isa = PBXGroup;
			children = (
				BC90A1FB2A7FE26B00D9ED35 /* TestExample */,
				BC90A2152A7FE2C700D9ED35 /* TestExampleTests */,
				BC90A1FA2A7FE26B00D9ED35 /* Products */,
			);
			sourceTree = "<group>";
		};
		BC90A1FA2A7FE26B00D9ED35 /* Products */ = {
			isa = PBXGroup;
			children = (
				BC90A1F92A7FE26B00D9ED35 /* TestExample.app */,
				BC90A2142A7FE2C700D9ED35 /* TestExampleTests.xctest */,
			);
			name = Products;
			sourceTree = "<group>";
		};
		BC90A1FB2A7FE26B00D9ED35 /* TestExample */ = {
			isa = PBXGroup;
			children = (
				BC90A1FC2A7FE26B00D9ED35 /* AppDelegate.swift */,
				BC90A1FE2A7FE26B00D9ED35 /* SceneDelegate.swift */,
				BC90A2002A7FE26B00D9ED35 /* ViewController.swift */,
				BC90A21D2A7FF30F00D9ED35 /* SoundBar.swift */,
				BCC7D20D2A80CE86001DFF17 /* UserService.swift */,
				BC90A2022A7FE26B00D9ED35 /* Main.storyboard */,
				BC90A2052A7FE26D00D9ED35 /* Assets.xcassets */,
				BC90A2072A7FE26D00D9ED35 /* LaunchScreen.storyboard */,
				BC90A20A2A7FE26D00D9ED35 /* Info.plist */,
			);
			path = TestExample;
			sourceTree = "<group>";
		};
		BC90A2152A7FE2C700D9ED35 /* TestExampleTests */ = {
			isa = PBXGroup;
			children = (
				BC90A2162A7FE2C700D9ED35 /* SoundBarTests.swift */,
				BCC7D20F2A80CF88001DFF17 /* UserServiceMock.swift */,
			);
			path = TestExampleTests;
			sourceTree = "<group>";
		};
/* End PBXGroup section */

/* Begin PBXNativeTarget section */
		BC90A1F82A7FE26B00D9ED35 /* TestExample */ = {
			isa = PBXNativeTarget;
			buildConfigurationList = BC90A20D2A7FE26D00D9ED35 /* Build configuration list for PBXNativeTarget "TestExample" */;
			buildPhases = (
				BC90A1F52A7FE26B00D9ED35 /* Sources */,
				BC90A1F62A7FE26B00D9ED35 /* Frameworks */,
				BC90A1F72A7FE26B00D9ED35 /* Resources */,
			);
			buildRules = (
			);
			dependencies = (
			);
			name = TestExample;
			productName = TestExample;
			productReference = BC90A1F92A7FE26B00D9ED35 /* TestExample.app */;
			productType = "com.apple.product-type.application";
		};
		BC90A2132A7FE2C700D9ED35 /* TestExampleTests */ = {
			isa = PBXNativeTarget;
			buildConfigurationList = BC90A21A2A7FE2C700D9ED35 /* Build configuration list for PBXNativeTarget "TestExampleTests" */;
			buildPhases = (
				BC90A2102A7FE2C700D9ED35 /* Sources */,
				BC90A2112A7FE2C700D9ED35 /* Frameworks */,
				BC90A2122A7FE2C700D9ED35 /* Resources */,
			);
			buildRules = (
			);
			dependencies = (
				BC90A2192A7FE2C700D9ED35 /* PBXTargetDependency */,
			);
			name = TestExampleTests;
			productName = TestExampleTests;
			productReference = BC90A2142A7FE2C700D9ED35 /* TestExampleTests.xctest */;
			productType = "com.apple.product-type.bundle.unit-test";
		};
/* End PBXNativeTarget section */

/* Begin PBXProject section */
		BC90A1F12A7FE26B00D9ED35 /* Project object */ = {
			isa = PBXProject;
			attributes = {
				BuildIndependentTargetsInParallel = 1;
				LastSwiftUpdateCheck = 1500;
				LastUpgradeCheck = 1500;
				TargetAttributes = {
					BC90A1F82A7FE26B00D9ED35 = {
						CreatedOnToolsVersion = 15.0;
					};
					BC90A2132A7FE2C700D9ED35 = {
						CreatedOnToolsVersion = 15.0;
						TestTargetID = BC90A1F82A7FE26B00D9ED35;
					};
				};
			};
			buildConfigurationList = BC90A1F42A7FE26B00D9ED35 /* Build configuration list for PBXProject "TestExample" */;
			compatibilityVersion = "Xcode 14.0";
			developmentRegion = en;
			hasScannedForEncodings = 0;
			knownRegions = (
				en,
				Base,
			);
			mainGroup = BC90A1F02A7FE26B00D9ED35;
			productRefGroup = BC90A1FA2A7FE26B00D9ED35 /* Products */;
			projectDirPath = "";
			projectRoot = "";
			targets = (
				BC90A1F82A7FE26B00D9ED35 /* TestExample */,
				BC90A2132A7FE2C700D9ED35 /* TestExampleTests */,
			);
		};
/* End PBXProject section */

/* Begin PBXResourcesBuildPhase section */
		BC90A1F72A7FE26B00D9ED35 /* Resources */ = {
			isa = PBXResourcesBuildPhase;
			buildActionMask = 2147483647;
			files = (
				BC90A2092A7FE26D00D9ED35 /* LaunchScreen.storyboard in Resources */,
				BC90A2062A7FE26D00D9ED35 /* Assets.xcassets in Resources */,
				BC90A2042A7FE26B00D9ED35 /* Main.storyboard in Resources */,
			);
			runOnlyForDeploymentPostprocessing = 0;
		};
		BC90A2122A7FE2C700D9ED35 /* Resources */ = {
			isa = PBXResourcesBuildPhase;
			buildActionMask = 2147483647;
			files = (
			);
			runOnlyForDeploymentPostprocessing = 0;
		};
/* End PBXResourcesBuildPhase section */

/* Begin PBXSourcesBuildPhase section */
		BC90A1F52A7FE26B00D9ED35 /* Sources */ = {
			isa = PBXSourcesBuildPhase;
			buildActionMask = 2147483647;
			files = (
				BCC7D20E2A80CE86001DFF17 /* UserService.swift in Sources */,
				BC90A2012A7FE26B00D9ED35 /* ViewController.swift in Sources */,
				BC90A1FD2A7FE26B00D9ED35 /* AppDelegate.swift in Sources */,
				BC90A1FF2A7FE26B00D9ED35 /* SceneDelegate.swift in Sources */,
				BC90A21E2A7FF30F00D9ED35 /* SoundBar.swift in Sources */,
			);
			runOnlyForDeploymentPostprocessing = 0;
		};
		BC90A2102A7FE2C700D9ED35 /* Sources */ = {
			isa = PBXSourcesBuildPhase;
			buildActionMask = 2147483647;
			files = (
				BCC7D2112A80CF8B001DFF17 /* UserServiceMock.swift in Sources */,
				BC90A2172A7FE2C700D9ED35 /* SoundBarTests.swift in Sources */,
			);
			runOnlyForDeploymentPostprocessing = 0;
		};
/* End PBXSourcesBuildPhase section */

/* Begin PBXTargetDependency section */
		BC90A2192A7FE2C700D9ED35 /* PBXTargetDependency */ = {
			isa = PBXTargetDependency;
			target = BC90A1F82A7FE26B00D9ED35 /* TestExample */;
			targetProxy = BC90A2182A7FE2C700D9ED35 /* PBXContainerItemProxy */;
		};
/* End PBXTargetDependency section */

/* Begin PBXVariantGroup section */
		BC90A2022A7FE26B00D9ED35 /* Main.storyboard */ = {
			isa = PBXVariantGroup;
			children = (
				BC90A2032A7FE26B00D9ED35 /* Base */,
			);
			name = Main.storyboard;
			sourceTree = "<group>";
		};
		BC90A2072A7FE26D00D9ED35 /* LaunchScreen.storyboard */ = {
			isa = PBXVariantGroup;
			children = (
				BC90A2082A7FE26D00D9ED35 /* Base */,
			);
			name = LaunchScreen.storyboard;
			sourceTree = "<group>";
		};
/* End PBXVariantGroup section */

/* Begin XCBuildConfiguration section */
		BC90A20B2A7FE26D00D9ED35 /* Debug */ = {
			isa = XCBuildConfiguration;
			buildSettings = {
				ALWAYS_SEARCH_USER_PATHS = NO;
				ASSETCATALOG_COMPILER_GENERATE_SWIFT_ASSET_SYMBOL_EXTENSIONS = YES;
				CLANG_ANALYZER_NONNULL = YES;
				CLANG_ANALYZER_NUMBER_OBJECT_CONVERSION = YES_AGGRESSIVE;
				CLANG_CXX_LANGUAGE_STANDARD = "gnu++20";
				CLANG_ENABLE_MODULES = YES;
				CLANG_ENABLE_OBJC_ARC = YES;
				CLANG_ENABLE_OBJC_WEAK = YES;
				CLANG_WARN_BLOCK_CAPTURE_AUTORELEASING = YES;
				CLANG_WARN_BOOL_CONVERSION = YES;
				CLANG_WARN_COMMA = YES;
				CLANG_WARN_CONSTANT_CONVERSION = YES;
				CLANG_WARN_DEPRECATED_OBJC_IMPLEMENTATIONS = YES;
				CLANG_WARN_DIRECT_OBJC_ISA_USAGE = YES_ERROR;
				CLANG_WARN_DOCUMENTATION_COMMENTS = YES;
				CLANG_WARN_EMPTY_BODY = YES;
				CLANG_WARN_ENUM_CONVERSION = YES;
				CLANG_WARN_INFINITE_RECURSION = YES;
				CLANG_WARN_INT_CONVERSION = YES;
				CLANG_WARN_NON_LITERAL_NULL_CONVERSION = YES;
				CLANG_WARN_OBJC_IMPLICIT_RETAIN_SELF = YES;
				CLANG_WARN_OBJC_LITERAL_CONVERSION = YES;
				CLANG_WARN_OBJC_ROOT_CLASS = YES_ERROR;
				CLANG_WARN_QUOTED_INCLUDE_IN_FRAMEWORK_HEADER = YES;
				CLANG_WARN_RANGE_LOOP_ANALYSIS = YES;
				CLANG_WARN_STRICT_PROTOTYPES = YES;
				CLANG_WARN_SUSPICIOUS_MOVE = YES;
				CLANG_WARN_UNGUARDED_AVAILABILITY = YES_AGGRESSIVE;
				CLANG_WARN_UNREACHABLE_CODE = YES;
				CLANG_WARN__DUPLICATE_METHOD_MATCH = YES;
				COPY_PHASE_STRIP = NO;
				DEBUG_INFORMATION_FORMAT = dwarf;
				ENABLE_STRICT_OBJC_MSGSEND = YES;
				ENABLE_TESTABILITY = YES;
				ENABLE_USER_SCRIPT_SANDBOXING = YES;
				GCC_C_LANGUAGE_STANDARD = gnu17;
				GCC_DYNAMIC_NO_PIC = NO;
				GCC_NO_COMMON_BLOCKS = YES;
				GCC_OPTIMIZATION_LEVEL = 0;
				GCC_PREPROCESSOR_DEFINITIONS = (
					"DEBUG=1",
					"$(inherited)",
				);
				GCC_WARN_64_TO_32_BIT_CONVERSION = YES;
				GCC_WARN_ABOUT_RETURN_TYPE = YES_ERROR;
				GCC_WARN_UNDECLARED_SELECTOR = YES;
				GCC_WARN_UNINITIALIZED_AUTOS = YES_AGGRESSIVE;
				GCC_WARN_UNUSED_FUNCTION = YES;
				GCC_WARN_UNUSED_VARIABLE = YES;
				IPHONEOS_DEPLOYMENT_TARGET = 17.0;
				LOCALIZATION_PREFERS_STRING_CATALOGS = YES;
				MTL_ENABLE_DEBUG_INFO = INCLUDE_SOURCE;
				MTL_FAST_MATH = YES;
				ONLY_ACTIVE_ARCH = YES;
				SDKROOT = iphoneos;
				SWIFT_ACTIVE_COMPILATION_CONDITIONS = "DEBUG $(inherited)";
				SWIFT_OPTIMIZATION_LEVEL = "-Onone";
			};
			name = Debug;
		};
		BC90A20C2A7FE26D00D9ED35 /* Release */ = {
			isa = XCBuildConfiguration;
			buildSettings = {
				ALWAYS_SEARCH_USER_PATHS = NO;
				ASSETCATALOG_COMPILER_GENERATE_SWIFT_ASSET_SYMBOL_EXTENSIONS = YES;
				CLANG_ANALYZER_NONNULL = YES;
				CLANG_ANALYZER_NUMBER_OBJECT_CONVERSION = YES_AGGRESSIVE;
				CLANG_CXX_LANGUAGE_STANDARD = "gnu++20";
				CLANG_ENABLE_MODULES = YES;
				CLANG_ENABLE_OBJC_ARC = YES;
				CLANG_ENABLE_OBJC_WEAK = YES;
				CLANG_WARN_BLOCK_CAPTURE_AUTORELEASING = YES;
				CLANG_WARN_BOOL_CONVERSION = YES;
				CLANG_WARN_COMMA = YES;
				CLANG_WARN_CONSTANT_CONVERSION = YES;
				CLANG_WARN_DEPRECATED_OBJC_IMPLEMENTATIONS = YES;
				CLANG_WARN_DIRECT_OBJC_ISA_USAGE = YES_ERROR;
				CLANG_WARN_DOCUMENTATION_COMMENTS = YES;
				CLANG_WARN_EMPTY_BODY = YES;
				CLANG_WARN_ENUM_CONVERSION = YES;
				CLANG_WARN_INFINITE_RECURSION = YES;
				CLANG_WARN_INT_CONVERSION = YES;
				CLANG_WARN_NON_LITERAL_NULL_CONVERSION = YES;
				CLANG_WARN_OBJC_IMPLICIT_RETAIN_SELF = YES;
				CLANG_WARN_OBJC_LITERAL_CONVERSION = YES;
				CLANG_WARN_OBJC_ROOT_CLASS = YES_ERROR;
				CLANG_WARN_QUOTED_INCLUDE_IN_FRAMEWORK_HEADER = YES;
				CLANG_WARN_RANGE_LOOP_ANALYSIS = YES;
				CLANG_WARN_STRICT_PROTOTYPES = YES;
				CLANG_WARN_SUSPICIOUS_MOVE = YES;
				CLANG_WARN_UNGUARDED_AVAILABILITY = YES_AGGRESSIVE;
				CLANG_WARN_UNREACHABLE_CODE = YES;
				CLANG_WARN__DUPLICATE_METHOD_MATCH = YES;
				COPY_PHASE_STRIP = NO;
				DEBUG_INFORMATION_FORMAT = "dwarf-with-dsym";
				ENABLE_NS_ASSERTIONS = NO;
				ENABLE_STRICT_OBJC_MSGSEND = YES;
				ENABLE_USER_SCRIPT_SANDBOXING = YES;
				GCC_C_LANGUAGE_STANDARD = gnu17;
				GCC_NO_COMMON_BLOCKS = YES;
				GCC_WARN_64_TO_32_BIT_CONVERSION = YES;
				GCC_WARN_ABOUT_RETURN_TYPE = YES_ERROR;
				GCC_WARN_UNDECLARED_SELECTOR = YES;
				GCC_WARN_UNINITIALIZED_AUTOS = YES_AGGRESSIVE;
				GCC_WARN_UNUSED_FUNCTION = YES;
				GCC_WARN_UNUSED_VARIABLE = YES;
				IPHONEOS_DEPLOYMENT_TARGET = 17.0;
				LOCALIZATION_PREFERS_STRING_CATALOGS = YES;
				MTL_ENABLE_DEBUG_INFO = NO;
				MTL_FAST_MATH = YES;
				SDKROOT = iphoneos;
				SWIFT_COMPILATION_MODE = wholemodule;
				VALIDATE_PRODUCT = YES;
			};
			name = Release;
		};
		BC90A20E2A7FE26D00D9ED35 /* Debug */ = {
			isa = XCBuildConfiguration;
			buildSettings = {
				ASSETCATALOG_COMPILER_APPICON_NAME = AppIcon;
				ASSETCATALOG_COMPILER_GLOBAL_ACCENT_COLOR_NAME = AccentColor;
				CODE_SIGN_STYLE = Automatic;
				CURRENT_PROJECT_VERSION = 1;
				DEVELOPMENT_TEAM = 85D2483FS7;
				GENERATE_INFOPLIST_FILE = YES;
				INFOPLIST_FILE = TestExample/Info.plist;
				INFOPLIST_KEY_UIApplicationSupportsIndirectInputEvents = YES;
				INFOPLIST_KEY_UILaunchStoryboardName = LaunchScreen;
				INFOPLIST_KEY_UIMainStoryboardFile = Main;
				INFOPLIST_KEY_UISupportedInterfaceOrientations_iPad = "UIInterfaceOrientationPortrait UIInterfaceOrientationPortraitUpsideDown UIInterfaceOrientationLandscapeLeft UIInterfaceOrientationLandscapeRight";
				INFOPLIST_KEY_UISupportedInterfaceOrientations_iPhone = "UIInterfaceOrientationPortrait UIInterfaceOrientationLandscapeLeft UIInterfaceOrientationLandscapeRight";
				LD_RUNPATH_SEARCH_PATHS = (
					"$(inherited)",
					"@executable_path/Frameworks",
				);
				MARKETING_VERSION = 1.0;
				PRODUCT_BUNDLE_IDENTIFIER = aston.TestExample;
				PRODUCT_NAME = "$(TARGET_NAME)";
				SWIFT_EMIT_LOC_STRINGS = YES;
				SWIFT_VERSION = 5.0;
				TARGETED_DEVICE_FAMILY = "1,2";
			};
			name = Debug;
		};
		BC90A20F2A7FE26D00D9ED35 /* Release */ = {
			isa = XCBuildConfiguration;
			buildSettings = {
				ASSETCATALOG_COMPILER_APPICON_NAME = AppIcon;
				ASSETCATALOG_COMPILER_GLOBAL_ACCENT_COLOR_NAME = AccentColor;
				CODE_SIGN_STYLE = Automatic;
				CURRENT_PROJECT_VERSION = 1;
				DEVELOPMENT_TEAM = 85D2483FS7;
				GENERATE_INFOPLIST_FILE = YES;
				INFOPLIST_FILE = TestExample/Info.plist;
				INFOPLIST_KEY_UIApplicationSupportsIndirectInputEvents = YES;
				INFOPLIST_KEY_UILaunchStoryboardName = LaunchScreen;
				INFOPLIST_KEY_UIMainStoryboardFile = Main;
				INFOPLIST_KEY_UISupportedInterfaceOrientations_iPad = "UIInterfaceOrientationPortrait UIInterfaceOrientationPortraitUpsideDown UIInterfaceOrientationLandscapeLeft UIInterfaceOrientationLandscapeRight";
				INFOPLIST_KEY_UISupportedInterfaceOrientations_iPhone = "UIInterfaceOrientationPortrait UIInterfaceOrientationLandscapeLeft UIInterfaceOrientationLandscapeRight";
				LD_RUNPATH_SEARCH_PATHS = (
					"$(inherited)",
					"@executable_path/Frameworks",
				);
				MARKETING_VERSION = 1.0;
				PRODUCT_BUNDLE_IDENTIFIER = aston.TestExample;
				PRODUCT_NAME = "$(TARGET_NAME)";
				SWIFT_EMIT_LOC_STRINGS = YES;
				SWIFT_VERSION = 5.0;
				TARGETED_DEVICE_FAMILY = "1,2";
			};
			name = Release;
		};
		BC90A21B2A7FE2C700D9ED35 /* Debug */ = {
			isa = XCBuildConfiguration;
			buildSettings = {
				BUNDLE_LOADER = "$(TEST_HOST)";
				CODE_SIGN_STYLE = Automatic;
				CURRENT_PROJECT_VERSION = 1;
				DEVELOPMENT_TEAM = 85D2483FS7;
				GENERATE_INFOPLIST_FILE = YES;
				MARKETING_VERSION = 1.0;
				PRODUCT_BUNDLE_IDENTIFIER = aston.TestExampleTests;
				PRODUCT_NAME = "$(TARGET_NAME)";
				SWIFT_EMIT_LOC_STRINGS = NO;
				SWIFT_VERSION = 5.0;
				TARGETED_DEVICE_FAMILY = "1,2";
				TEST_HOST = "$(BUILT_PRODUCTS_DIR)/TestExample.app/$(BUNDLE_EXECUTABLE_FOLDER_PATH)/TestExample";
			};
			name = Debug;
		};
		BC90A21C2A7FE2C700D9ED35 /* Release */ = {
			isa = XCBuildConfiguration;
			buildSettings = {
				BUNDLE_LOADER = "$(TEST_HOST)";
				CODE_SIGN_STYLE = Automatic;
				CURRENT_PROJECT_VERSION = 1;
				DEVELOPMENT_TEAM = 85D2483FS7;
				GENERATE_INFOPLIST_FILE = YES;
				MARKETING_VERSION = 1.0;
				PRODUCT_BUNDLE_IDENTIFIER = aston.TestExampleTests;
				PRODUCT_NAME = "$(TARGET_NAME)";
				SWIFT_EMIT_LOC_STRINGS = NO;
				SWIFT_VERSION = 5.0;
				TARGETED_DEVICE_FAMILY = "1,2";
				TEST_HOST = "$(BUILT_PRODUCTS_DIR)/TestExample.app/$(BUNDLE_EXECUTABLE_FOLDER_PATH)/TestExample";
			};
			name = Release;
		};
/* End XCBuildConfiguration section */

/* Begin XCConfigurationList section */
		BC90A1F42A7FE26B00D9ED35 /* Build configuration list for PBXProject "TestExample" */ = {
			isa = XCConfigurationList;
			buildConfigurations = (
				BC90A20B2A7FE26D00D9ED35 /* Debug */,
				BC90A20C2A7FE26D00D9ED35 /* Release */,
			);
			defaultConfigurationIsVisible = 0;
			defaultConfigurationName = Release;
		};
		BC90A20D2A7FE26D00D9ED35 /* Build configuration list for PBXNativeTarget "TestExample" */ = {
			isa = XCConfigurationList;
			buildConfigurations = (
				BC90A20E2A7FE26D00D9ED35 /* Debug */,
				BC90A20F2A7FE26D00D9ED35 /* Release */,
			);
			defaultConfigurationIsVisible = 0;
			defaultConfigurationName = Release;
		};
		BC90A21A2A7FE2C700D9ED35 /* Build configuration list for PBXNativeTarget "TestExampleTests" */ = {
			isa = XCConfigurationList;
			buildConfigurations = (
				BC90A21B2A7FE2C700D9ED35 /* Debug */,
				BC90A21C2A7FE2C700D9ED35 /* Release */,
			);
			defaultConfigurationIsVisible = 0;
			defaultConfigurationName = Release;
		};
/* End XCConfigurationList section */
	};
	rootObject = BC90A1F12A7FE26B00D9ED35 /* Project object */;
}
